
Microsoft Visual Studio Solution File, Format Version 12.00
# Visual Studio 15
VisualStudioVersion = 15.0.28307.438
MinimumVisualStudioVersion = 10.0.40219.1
Project("{FAE04EC0-301F-11D3-BF4B-00C04F79EFBC}") = "GroupChat", "GroupChat\GroupChat.csproj", "{9D479409-BBC6-4C52-A935-61CCF5338581}"
EndProject
Global
	GlobalSection(SolutionConfigurationPlatforms) = preSolution
		Debug|Any CPU = Debug|Any CPU
		Release|Any CPU = Release|Any CPU
	EndGlobalSection
	GlobalSection(ProjectConfigurationPlatforms) = postSolution
		{9D479409-BBC6-4C52-A935-61CCF5338581}.Debug|Any CPU.ActiveCfg = Debug|Any CPU
		{9D479409-BBC6-4C52-A935-61CCF5338581}.Debug|Any CPU.Build.0 = Debug|Any CPU
		{9D479409-BBC6-4C52-A935-61CCF5338581}.Release|Any CPU.ActiveCfg = Release|Any CPU
		{9D479409-BBC6-4C52-A935-61CCF5338581}.Release|Any CPU.Build.0 = Release|Any CPU
	EndGlobalSection
	GlobalSection(SolutionProperties) = preSolution
		HideSolutionNode = FALSE
	EndGlobalSection
	GlobalSection(ExtensibilityGlobals) = postSolution
		SolutionGuid = {480C856B-226F-4D61-AFB9-0DF3404D6807}
	EndGlobalSection
EndGlobal
